{
  "name": "web-features-plus-webview",
  "version": "1.0.0",
  "lockfileVersion": 3,
  "requires": true,
  "packages": {
    "": {
      "name": "web-features-plus-webview",
      "version": "1.0.0",
      "license": "ISC",
      "dependencies": {
        "@mdn/browser-compat-data": "^7.1.14",
        "web-features": "^3.5.0"
      },
      "devDependencies": {
        "export-to-csv": "^1.4.0",
        "rolldown": "^1.0.0-beta.44"
      }
    },
    "node_modules/@emnapi/core": {
      "version": "1.6.0",
      "resolved": "https://registry.npmjs.org/@emnapi/core/-/core-1.6.0.tgz",
      "integrity": "sha512-zq/ay+9fNIJJtJiZxdTnXS20PllcYMX3OE23ESc4HK/bdYu3cOWYVhsOhVnXALfU/uqJIxn5NBPd9z4v+SfoSg==",
      "dev": true,
      "license": "MIT",
      "optional": true,
      "dependencies": {
        "@emnapi/wasi-threads": "1.1.0",
        "tslib": "^2.4.0"
      }
    },
    "node_modules/@emnapi/runtime": {
      "version": "1.6.0",
      "resolved": "https://registry.npmjs.org/@emnapi/runtime/-/runtime-1.6.0.tgz",
      "integrity": "sha512-obtUmAHTMjll499P+D9A3axeJFlhdjOWdKUNs/U6QIGT7V5RjcUW1xToAzjvmgTSQhDbYn/NwfTRoJcQ2rNBxA==",
      "dev": true,
      "license": "MIT",
      "optional": true,
      "dependencies": {
        "tslib": "^2.4.0"
      }
    },
    "node_modules/@emnapi/wasi-threads": {
      "version": "1.1.0",
      "resolved": "https://registry.npmjs.org/@emnapi/wasi-threads/-/wasi-threads-1.1.0.tgz",
      "integrity": "sha512-WI0DdZ8xFSbgMjR1sFsKABJ/C5OnRrjT06JXbZKexJGrDuPTzZdDYfFlsgcCXCyf+suG5QU2e/y1Wo2V/OapLQ==",
      "dev": true,
      "license": "MIT",
      "optional": true,
      "dependencies": {
        "tslib": "^2.4.0"
      }
    },
    "node_modules/@mdn/browser-compat-data": {
      "version": "7.1.14",
      "resolved": "https://registry.npmjs.org/@mdn/browser-compat-data/-/browser-compat-data-7.1.14.tgz",
      "integrity": "sha512-YunzO7XhjKljvHSUbkLrvVaKwdB7NGVZiOm7x0Wo8YSJp3tDvVsBOcHEayr+1ylrv/qcbh1RD4wbdgkAO41ZxA==",
      "license": "CC0-1.0"
    },
    "node_modules/@napi-rs/wasm-runtime": {
      "version": "1.0.7",
      "resolved": "https://registry.npmjs.org/@napi-rs/wasm-runtime/-/wasm-runtime-1.0.7.tgz",
      "integrity": "sha512-SeDnOO0Tk7Okiq6DbXmmBODgOAb9dp9gjlphokTUxmt8U3liIP1ZsozBahH69j/RJv+Rfs6IwUKHTgQYJ/HBAw==",
      "dev": true,
      "license": "MIT",
      "optional": true,
      "dependencies": {
        "@emnapi/core": "^1.5.0",
        "@emnapi/runtime": "^1.5.0",
        "@tybys/wasm-util": "^0.10.1"
      }
    },
    "node_modules/@oxc-project/types": {
      "version": "0.95.0",
      "resolved": "https://registry.npmjs.org/@oxc-project/types/-/types-0.95.0.tgz",
      "integrity": "sha512-vACy7vhpMPhjEJhULNxrdR0D943TkA/MigMpJCHmBHvMXxRStRi/dPtTlfQ3uDwWSzRpT8z+7ImjZVf8JWBocQ==",
      "dev": true,
      "license": "MIT",
      "funding": {
        "url": "https://github.com/sponsors/Boshen"
      }
    },
    "node_modules/@rolldown/binding-android-arm64": {
      "version": "1.0.0-beta.44",
      "resolved": "https://registry.npmjs.org/@rolldown/binding-android-arm64/-/binding-android-arm64-1.0.0-beta.44.tgz",
      "integrity": "sha512-g9ejDOehJFhxC1DIXQuZQ9bKv4lRDioOTL42cJjFjqKPl1L7DVb9QQQE1FxokGEIMr6FezLipxwnzOXWe7DNPg==",
      "cpu": [
        "arm64"
      ],
      "dev": true,
      "license": "MIT",
      "optional": true,
      "os": [
        "android"
      ],
      "engines": {
        "node": "^20.19.0 || >=22.12.0"
      }
    },
    "node_modules/@rolldown/binding-darwin-arm64": {
      "version": "1.0.0-beta.44",
      "resolved": "https://registry.npmjs.org/@rolldown/binding-darwin-arm64/-/binding-darwin-arm64-1.0.0-beta.44.tgz",
      "integrity": "sha512-PxAW1PXLPmCzfhfKIS53kwpjLGTUdIfX4Ht+l9mj05C3lYCGaGowcNsYi2rdxWH24vSTmeK+ajDNRmmmrK0M7g==",
      "cpu": [
        "arm64"
      ],
      "dev": true,
      "license": "MIT",
      "optional": true,
      "os": [
        "darwin"
      ],
      "engines": {
        "node": "^20.19.0 || >=22.12.0"
      }
    },
    "node_modules/@rolldown/binding-darwin-x64": {
      "version": "1.0.0-beta.44",
      "resolved": "https://registry.npmjs.org/@rolldown/binding-darwin-x64/-/binding-darwin-x64-1.0.0-beta.44.tgz",
      "integrity": "sha512-/CtQqs1oO9uSb5Ju60rZvsdjE7Pzn8EK2ISAdl2jedjMzeD/4neNyCbwyJOAPzU+GIQTZVyrFZJX+t7HXR1R/g==",
      "cpu": [
        "x64"
      ],
      "dev": true,
      "license": "MIT",
      "optional": true,
      "os": [
        "darwin"
      ],
      "engines": {
        "node": "^20.19.0 || >=22.12.0"
      }
    },
    "node_modules/@rolldown/binding-freebsd-x64": {
      "version": "1.0.0-beta.44",
      "resolved": "https://registry.npmjs.org/@rolldown/binding-freebsd-x64/-/binding-freebsd-x64-1.0.0-beta.44.tgz",
      "integrity": "sha512-V5Q5W9c4+2GJ4QabmjmVV6alY97zhC/MZBaLkDtHwGy3qwzbM4DYgXUbun/0a8AH5hGhuU27tUIlYz6ZBlvgOA==",
      "cpu": [
        "x64"
      ],
      "dev": true,
      "license": "MIT",
      "optional": true,
      "os": [
        "freebsd"
      ],
      "engines": {
        "node": "^20.19.0 || >=22.12.0"
      }
    },
    "node_modules/@rolldown/binding-linux-arm-gnueabihf": {
      "version": "1.0.0-beta.44",
      "resolved": "https://registry.npmjs.org/@rolldown/binding-linux-arm-gnueabihf/-/binding-linux-arm-gnueabihf-1.0.0-beta.44.tgz",
      "integrity": "sha512-X6adjkHeFqKsTU0FXdNN9HY4LDozPqIfHcnXovE5RkYLWIjMWuc489mIZ6iyhrMbCqMUla9IOsh5dvXSGT9o9A==",
      "cpu": [
        "arm"
      ],
      "dev": true,
      "license": "MIT",
      "optional": true,
      "os": [
        "linux"
      ],
      "engines": {
        "node": "^20.19.0 || >=22.12.0"
      }
    },
    "node_modules/@rolldown/binding-linux-arm64-gnu": {
      "version": "1.0.0-beta.44",
      "resolved": "https://registry.npmjs.org/@rolldown/binding-linux-arm64-gnu/-/binding-linux-arm64-gnu-1.0.0-beta.44.tgz",
      "integrity": "sha512-kRRKGZI4DXWa6ANFr3dLA85aSVkwPdgXaRjfanwY84tfc3LncDiIjyWCb042e3ckPzYhHSZ3LmisO+cdOIYL6Q==",
      "cpu": [
        "arm64"
      ],
      "dev": true,
      "license": "MIT",
      "optional": true,
      "os": [
        "linux"
      ],
      "engines": {
        "node": "^20.19.0 || >=22.12.0"
      }
    },
    "node_modules/@rolldown/binding-linux-arm64-musl": {
      "version": "1.0.0-beta.44",
      "resolved": "https://registry.npmjs.org/@rolldown/binding-linux-arm64-musl/-/binding-linux-arm64-musl-1.0.0-beta.44.tgz",
      "integrity": "sha512-hMtiN9xX1NhxXBa2U3Up4XkVcsVp2h73yYtMDY59z9CDLEZLrik9RVLhBL5QtoX4zZKJ8HZKJtWuGYvtmkCbIQ==",
      "cpu": [
        "arm64"
      ],
      "dev": true,
      "license": "MIT",
      "optional": true,
      "os": [
        "linux"
      ],
      "engines": {
        "node": "^20.19.0 || >=22.12.0"
      }
    },
    "node_modules/@rolldown/binding-linux-x64-gnu": {
      "version": "1.0.0-beta.44",
      "resolved": "https://registry.npmjs.org/@rolldown/binding-linux-x64-gnu/-/binding-linux-x64-gnu-1.0.0-beta.44.tgz",
      "integrity": "sha512-rd1LzbpXQuR8MTG43JB9VyXDjG7ogSJbIkBpZEHJ8oMKzL6j47kQT5BpIXrg3b5UVygW9QCI2fpFdMocT5Kudg==",
      "cpu": [
        "x64"
      ],
      "dev": true,
      "license": "MIT",
      "optional": true,
      "os": [
        "linux"
      ],
      "engines": {
        "node": "^20.19.0 || >=22.12.0"
      }
    },
    "node_modules/@rolldown/binding-linux-x64-musl": {
      "version": "1.0.0-beta.44",
      "resolved": "https://registry.npmjs.org/@rolldown/binding-linux-x64-musl/-/binding-linux-x64-musl-1.0.0-beta.44.tgz",
      "integrity": "sha512-qI2IiPqmPRW25exXkuQr3TlweCDc05YvvbSDRPCuPsWkwb70dTiSoXn8iFxT4PWqTi71wWHg1Wyta9PlVhX5VA==",
      "cpu": [
        "x64"
      ],
      "dev": true,
      "license": "MIT",
      "optional": true,
      "os": [
        "linux"
      ],
      "engines": {
        "node": "^20.19.0 || >=22.12.0"
      }
    },
    "node_modules/@rolldown/binding-openharmony-arm64": {
      "version": "1.0.0-beta.44",
      "resolved": "https://registry.npmjs.org/@rolldown/binding-openharmony-arm64/-/binding-openharmony-arm64-1.0.0-beta.44.tgz",
      "integrity": "sha512-+vHvEc1pL5iJRFlldLC8mjm6P4Qciyfh2bh5ZI6yxDQKbYhCHRKNURaKz1mFcwxhVL5YMYsLyaqM3qizVif9MQ==",
      "cpu": [
        "arm64"
      ],
      "dev": true,
      "license": "MIT",
      "optional": true,
      "os": [
        "openharmony"
      ],
      "engines": {
        "node": "^20.19.0 || >=22.12.0"
      }
    },
    "node_modules/@rolldown/binding-wasm32-wasi": {
      "version": "1.0.0-beta.44",
      "resolved": "https://registry.npmjs.org/@rolldown/binding-wasm32-wasi/-/binding-wasm32-wasi-1.0.0-beta.44.tgz",
      "integrity": "sha512-XSgLxRrtFj6RpTeMYmmQDAwHjKseYGKUn5LPiIdW4Cq+f5SBSStL2ToBDxkbdxKPEbCZptnLPQ/nfKcAxrC8Xg==",
      "cpu": [
        "wasm32"
      ],
      "dev": true,
      "license": "MIT",
      "optional": true,
      "dependencies": {
        "@napi-rs/wasm-runtime": "^1.0.7"
      },
      "engines": {
        "node": ">=14.0.0"
      }
    },
    "node_modules/@rolldown/binding-win32-arm64-msvc": {
      "version": "1.0.0-beta.44",
      "resolved": "https://registry.npmjs.org/@rolldown/binding-win32-arm64-msvc/-/binding-win32-arm64-msvc-1.0.0-beta.44.tgz",
      "integrity": "sha512-cF1LJdDIX02cJrFrX3wwQ6IzFM7I74BYeKFkzdcIA4QZ0+2WA7/NsKIgjvrunupepWb1Y6PFWdRlHSaz5AW1Wg==",
      "cpu": [
        "arm64"
      ],
      "dev": true,
      "license": "MIT",
      "optional": true,
      "os": [
        "win32"
      ],
      "engines": {
        "node": "^20.19.0 || >=22.12.0"
      }
    },
    "node_modules/@rolldown/binding-win32-ia32-msvc": {
      "version": "1.0.0-beta.44",
      "resolved": "https://registry.npmjs.org/@rolldown/binding-win32-ia32-msvc/-/binding-win32-ia32-msvc-1.0.0-beta.44.tgz",
      "integrity": "sha512-5uaJonDafhHiMn+iEh7qUp3QQ4Gihv3lEOxKfN8Vwadpy0e+5o28DWI42DpJ9YBYMrVy4JOWJ/3etB/sptpUwA==",
      "cpu": [
        "ia32"
      ],
      "dev": true,
      "license": "MIT",
      "optional": true,
      "os": [
        "win32"
      ],
      "engines": {
        "node": "^20.19.0 || >=22.12.0"
      }
    },
    "node_modules/@rolldown/binding-win32-x64-msvc": {
      "version": "1.0.0-beta.44",
      "resolved": "https://registry.npmjs.org/@rolldown/binding-win32-x64-msvc/-/binding-win32-x64-msvc-1.0.0-beta.44.tgz",
      "integrity": "sha512-vsqhWAFJkkmgfBN/lkLCWTXF1PuPhMjfnAyru48KvF7mVh2+K7WkKYHezF3Fjz4X/mPScOcIv+g6cf6wnI6eWg==",
      "cpu": [
        "x64"
      ],
      "dev": true,
      "license": "MIT",
      "optional": true,
      "os": [
        "win32"
      ],
      "engines": {
        "node": "^20.19.0 || >=22.12.0"
      }
    },
    "node_modules/@rolldown/pluginutils": {
      "version": "1.0.0-beta.44",
      "resolved": "https://registry.npmjs.org/@rolldown/pluginutils/-/pluginutils-1.0.0-beta.44.tgz",
      "integrity": "sha512-g6eW7Zwnr2c5RADIoqziHoVs6b3W5QTQ4+qbpfjbkMJ9x+8Og211VW/oot2dj9dVwaK/UyC6Yo+02gV+wWQVNg==",
      "dev": true,
      "license": "MIT"
    },
    "node_modules/@tybys/wasm-util": {
      "version": "0.10.1",
      "resolved": "https://registry.npmjs.org/@tybys/wasm-util/-/wasm-util-0.10.1.tgz",
      "integrity": "sha512-9tTaPJLSiejZKx+Bmog4uSubteqTvFrVrURwkmHixBo0G4seD0zUxp98E1DzUBJxLQ3NPwXrGKDiVjwx/DpPsg==",
      "dev": true,
      "license": "MIT",
      "optional": true,
      "dependencies": {
        "tslib": "^2.4.0"
      }
    },
    "node_modules/export-to-csv": {
      "version": "1.4.0",
      "resolved": "https://registry.npmjs.org/export-to-csv/-/export-to-csv-1.4.0.tgz",
      "integrity": "sha512-6CX17Cu+rC2Fi2CyZ4CkgVG3hLl6BFsdAxfXiZkmDFIDY4mRx2y2spdeH6dqPHI9rP+AsHEfGeKz84Uuw7+Pmg==",
      "dev": true,
      "license": "MIT",
      "engines": {
        "node": "^v12.20.0 || >=v14.13.0"
      }
    },
    "node_modules/rolldown": {
      "version": "1.0.0-beta.44",
      "resolved": "https://registry.npmjs.org/rolldown/-/rolldown-1.0.0-beta.44.tgz",
      "integrity": "sha512-gcqgyCi3g93Fhr49PKvymE8PoaGS0sf6ajQrsYaQ8o5de6aUEbD6rJZiJbhOfpcqOnycgsAsUNPYri1h25NgsQ==",
      "dev": true,
      "license": "MIT",
      "dependencies": {
        "@oxc-project/types": "=0.95.0",
        "@rolldown/pluginutils": "1.0.0-beta.44"
      },
      "bin": {
        "rolldown": "bin/cli.mjs"
      },
      "engines": {
        "node": "^20.19.0 || >=22.12.0"
      },
      "optionalDependencies": {
        "@rolldown/binding-android-arm64": "1.0.0-beta.44",
        "@rolldown/binding-darwin-arm64": "1.0.0-beta.44",
        "@rolldown/binding-darwin-x64": "1.0.0-beta.44",
        "@rolldown/binding-freebsd-x64": "1.0.0-beta.44",
        "@rolldown/binding-linux-arm-gnueabihf": "1.0.0-beta.44",
        "@rolldown/binding-linux-arm64-gnu": "1.0.0-beta.44",
        "@rolldown/binding-linux-arm64-musl": "1.0.0-beta.44",
        "@rolldown/binding-linux-x64-gnu": "1.0.0-beta.44",
        "@rolldown/binding-linux-x64-musl": "1.0.0-beta.44",
        "@rolldown/binding-openharmony-arm64": "1.0.0-beta.44",
        "@rolldown/binding-wasm32-wasi": "1.0.0-beta.44",
        "@rolldown/binding-win32-arm64-msvc": "1.0.0-beta.44",
        "@rolldown/binding-win32-ia32-msvc": "1.0.0-beta.44",
        "@rolldown/binding-win32-x64-msvc": "1.0.0-beta.44"
      }
    },
    "node_modules/tslib": {
      "version": "2.8.1",
      "resolved": "https://registry.npmjs.org/tslib/-/tslib-2.8.1.tgz",
      "integrity": "sha512-oJFu94HQb+KVduSUQL7wnpmqnfmLsOA/nAh6b6EH0wCEoK0/mPeXU6c3wKDV83MkOuHPRHtSXKKU99IBazS/2w==",
      "dev": true,
      "license": "0BSD",
      "optional": true
    },
    "node_modules/web-features": {
      "version": "3.5.0",
      "resolved": "https://registry.npmjs.org/web-features/-/web-features-3.5.0.tgz",
      "integrity": "sha512-8e59t2hpjCtVpO+bgdGgyrTBN7CWRYx2dt8TqRJLeMmJ3LpjT4XNSoxYykZi0Fuc5qorbKWXPgseD3PHtyQJ5w==",
      "license": "Apache-2.0"
    }
  }
}
